
Microsoft Visual Studio Solution File, Format Version 12.00
# Visual Studio Version 17
VisualStudioVersion = 17.3.32519.111
MinimumVisualStudioVersion = 10.0.40219.1
Project("{FAE04EC0-301F-11D3-BF4B-00C04F79EFBC}") = "Test2805", "Test2805\Test2805.csproj", "{89D72930-C7E8-4F25-9FA8-3A4B11950D10}"
EndProject
Project("{FAE04EC0-301F-11D3-BF4B-00C04F79EFBC}") = "WpfApp1", "WpfApp1\WpfApp1.csproj", "{35062E62-74B3-4EBE-B601-D4AE3D201271}"
EndProject
Project("{FAE04EC0-301F-11D3-BF4B-00C04F79EFBC}") = "Mvvm", "Mvvm\Mvvm.csproj", "{E773FD1E-AEFC-4A7A-8C43-FB6C27E3F416}"
EndProject
Project("{FAE04EC0-301F-11D3-BF4B-00C04F79EFBC}") = "WebApplication1", "WebApplication1\WebApplication1.csproj", "{D306A3FD-16C9-4687-BFF0-1A76D2C70B52}"
EndProject
Project("{FAE04EC0-301F-11D3-BF4B-00C04F79EFBC}") = "Model", "Model\Model.csproj", "{261706B0-BFF9-4B14-A40D-6F20EFFC6411}"
EndProject
Global
	GlobalSection(SolutionConfigurationPlatforms) = preSolution
		Debug|Any CPU = Debug|Any CPU
		Release|Any CPU = Release|Any CPU
	EndGlobalSection
	GlobalSection(ProjectConfigurationPlatforms) = postSolution
		{89D72930-C7E8-4F25-9FA8-3A4B11950D10}.Debug|Any CPU.ActiveCfg = Debug|Any CPU
		{89D72930-C7E8-4F25-9FA8-3A4B11950D10}.Debug|Any CPU.Build.0 = Debug|Any CPU
		{89D72930-C7E8-4F25-9FA8-3A4B11950D10}.Release|Any CPU.ActiveCfg = Release|Any CPU
		{89D72930-C7E8-4F25-9FA8-3A4B11950D10}.Release|Any CPU.Build.0 = Release|Any CPU
		{35062E62-74B3-4EBE-B601-D4AE3D201271}.Debug|Any CPU.ActiveCfg = Debug|Any CPU
		{35062E62-74B3-4EBE-B601-D4AE3D201271}.Debug|Any CPU.Build.0 = Debug|Any CPU
		{35062E62-74B3-4EBE-B601-D4AE3D201271}.Release|Any CPU.ActiveCfg = Release|Any CPU
		{35062E62-74B3-4EBE-B601-D4AE3D201271}.Release|Any CPU.Build.0 = Release|Any CPU
		{E773FD1E-AEFC-4A7A-8C43-FB6C27E3F416}.Debug|Any CPU.ActiveCfg = Debug|Any CPU
		{E773FD1E-AEFC-4A7A-8C43-FB6C27E3F416}.Debug|Any CPU.Build.0 = Debug|Any CPU
		{E773FD1E-AEFC-4A7A-8C43-FB6C27E3F416}.Release|Any CPU.ActiveCfg = Release|Any CPU
		{E773FD1E-AEFC-4A7A-8C43-FB6C27E3F416}.Release|Any CPU.Build.0 = Release|Any CPU
		{D306A3FD-16C9-4687-BFF0-1A76D2C70B52}.Debug|Any CPU.ActiveCfg = Debug|Any CPU
		{D306A3FD-16C9-4687-BFF0-1A76D2C70B52}.Debug|Any CPU.Build.0 = Debug|Any CPU
		{D306A3FD-16C9-4687-BFF0-1A76D2C70B52}.Release|Any CPU.ActiveCfg = Release|Any CPU
		{D306A3FD-16C9-4687-BFF0-1A76D2C70B52}.Release|Any CPU.Build.0 = Release|Any CPU
		{261706B0-BFF9-4B14-A40D-6F20EFFC6411}.Debug|Any CPU.ActiveCfg = Debug|Any CPU
		{261706B0-BFF9-4B14-A40D-6F20EFFC6411}.Debug|Any CPU.Build.0 = Debug|Any CPU
		{261706B0-BFF9-4B14-A40D-6F20EFFC6411}.Release|Any CPU.ActiveCfg = Release|Any CPU
		{261706B0-BFF9-4B14-A40D-6F20EFFC6411}.Release|Any CPU.Build.0 = Release|Any CPU
	EndGlobalSection
	GlobalSection(SolutionProperties) = preSolution
		HideSolutionNode = FALSE
	EndGlobalSection
	GlobalSection(ExtensibilityGlobals) = postSolution
		SolutionGuid = {80C36670-27A3-4618-AA60-0EB93FE5435A}
	EndGlobalSection
EndGlobal
